Microsoft Visual Studio Solution File, Format Version 11.00
# Visual Studio 2008

Project("{7012BFFC-FF68-0603-B237-D731BCD0453C}") = "GTGD S3", "Assembly-CSharp.csproj", "{CE1FE0DC-E448-10F0-A3AC-4CA6A8FC3EB7}"
EndProject
Global
	GlobalSection(SolutionConfigurationPlatforms) = preSolution
		Debug|Any CPU = Debug|Any CPU
		Release|Any CPU = Release|Any CPU
	EndGlobalSection
	GlobalSection(ProjectConfigurationPlatforms) = postSolution
		{CE1FE0DC-E448-10F0-A3AC-4CA6A8FC3EB7}.Debug|Any CPU.ActiveCfg = Debug|Any CPU
		{CE1FE0DC-E448-10F0-A3AC-4CA6A8FC3EB7}.Debug|Any CPU.Build.0 = Debug|Any CPU
		{CE1FE0DC-E448-10F0-A3AC-4CA6A8FC3EB7}.Release|Any CPU.ActiveCfg = Release|Any CPU
		{CE1FE0DC-E448-10F0-A3AC-4CA6A8FC3EB7}.Release|Any CPU.Build.0 = Release|Any CPU
	EndGlobalSection
	GlobalSection(SolutionProperties) = preSolution
		HideSolutionNode = FALSE
	EndGlobalSection
	GlobalSection(MonoDevelopProperties) = preSolution
		StartupItem = Assembly-CSharp.csproj
	EndGlobalSection
EndGlobal
